
Microsoft Visual Studio Solution File, Format Version 12.00
# Visual Studio Version 16
VisualStudioVersion = 16.0.30804.86
MinimumVisualStudioVersion = 10.0.40219.1
Project("{9A19103F-16F7-4668-BE54-9A1E7A4F7556}") = "PaymentContext.Domain", "PaymentContext.Domain\PaymentContext.Domain.csproj", "{A617F36E-216F-4BCB-AC9B-52CA026DABC5}"
EndProject
Project("{FAE04EC0-301F-11D3-BF4B-00C04F79EFBC}") = "PaymentContext.Shared", "PaymentContext.Shared\PaymentContext.Shared.csproj", "{32DA2772-88C9-4566-AEDB-B297D06147AA}"
EndProject
Project("{FAE04EC0-301F-11D3-BF4B-00C04F79EFBC}") = "PaymentContext.Tests", "PaymentContext.Tests\PaymentContext.Tests.csproj", "{87CE48A8-2EBD-46DC-ACD1-4EFFB40D7B05}"
EndProject
Global
	GlobalSection(SolutionConfigurationPlatforms) = preSolution
		Debug|Any CPU = Debug|Any CPU
		Release|Any CPU = Release|Any CPU
	EndGlobalSection
	GlobalSection(ProjectConfigurationPlatforms) = postSolution
		{A617F36E-216F-4BCB-AC9B-52CA026DABC5}.Debug|Any CPU.ActiveCfg = Debug|Any CPU
		{A617F36E-216F-4BCB-AC9B-52CA026DABC5}.Debug|Any CPU.Build.0 = Debug|Any CPU
		{A617F36E-216F-4BCB-AC9B-52CA026DABC5}.Release|Any CPU.ActiveCfg = Release|Any CPU
		{A617F36E-216F-4BCB-AC9B-52CA026DABC5}.Release|Any CPU.Build.0 = Release|Any CPU
		{32DA2772-88C9-4566-AEDB-B297D06147AA}.Debug|Any CPU.ActiveCfg = Debug|Any CPU
		{32DA2772-88C9-4566-AEDB-B297D06147AA}.Debug|Any CPU.Build.0 = Debug|Any CPU
		{32DA2772-88C9-4566-AEDB-B297D06147AA}.Release|Any CPU.ActiveCfg = Release|Any CPU
		{32DA2772-88C9-4566-AEDB-B297D06147AA}.Release|Any CPU.Build.0 = Release|Any CPU
		{87CE48A8-2EBD-46DC-ACD1-4EFFB40D7B05}.Debug|Any CPU.ActiveCfg = Debug|Any CPU
		{87CE48A8-2EBD-46DC-ACD1-4EFFB40D7B05}.Debug|Any CPU.Build.0 = Debug|Any CPU
		{87CE48A8-2EBD-46DC-ACD1-4EFFB40D7B05}.Release|Any CPU.ActiveCfg = Release|Any CPU
		{87CE48A8-2EBD-46DC-ACD1-4EFFB40D7B05}.Release|Any CPU.Build.0 = Release|Any CPU
	EndGlobalSection
	GlobalSection(SolutionProperties) = preSolution
		HideSolutionNode = FALSE
	EndGlobalSection
	GlobalSection(ExtensibilityGlobals) = postSolution
		SolutionGuid = {94F3C894-5589-4A16-8F99-EA0664DAB556}
	EndGlobalSection
EndGlobal
